
Microsoft Visual Studio Solution File, Format Version 12.00
# Visual Studio 15
VisualStudioVersion = 15.0.28307.106
MinimumVisualStudioVersion = 10.0.40219.1
Project("{FAE04EC0-301F-11D3-BF4B-00C04F79EFBC}") = "RobotWars", "robotwars\RobotWars.csproj", "{DC276DC3-6A25-4DAD-8D48-B85B4A5CA0CD}"
EndProject
Project("{FAE04EC0-301F-11D3-BF4B-00C04F79EFBC}") = "RobotWars.Tests", "RobotWars.Tests\RobotWars.Tests.csproj", "{77980240-A62F-4874-B6DE-B603191CF1C8}"
EndProject
Global
	GlobalSection(SolutionConfigurationPlatforms) = preSolution
		Debug|Any CPU = Debug|Any CPU
		Release|Any CPU = Release|Any CPU
	EndGlobalSection
	GlobalSection(ProjectConfigurationPlatforms) = postSolution
		{DC276DC3-6A25-4DAD-8D48-B85B4A5CA0CD}.Debug|Any CPU.ActiveCfg = Debug|Any CPU
		{DC276DC3-6A25-4DAD-8D48-B85B4A5CA0CD}.Debug|Any CPU.Build.0 = Debug|Any CPU
		{DC276DC3-6A25-4DAD-8D48-B85B4A5CA0CD}.Release|Any CPU.ActiveCfg = Release|Any CPU
		{DC276DC3-6A25-4DAD-8D48-B85B4A5CA0CD}.Release|Any CPU.Build.0 = Release|Any CPU
		{77980240-A62F-4874-B6DE-B603191CF1C8}.Debug|Any CPU.ActiveCfg = Debug|Any CPU
		{77980240-A62F-4874-B6DE-B603191CF1C8}.Debug|Any CPU.Build.0 = Debug|Any CPU
		{77980240-A62F-4874-B6DE-B603191CF1C8}.Release|Any CPU.ActiveCfg = Release|Any CPU
		{77980240-A62F-4874-B6DE-B603191CF1C8}.Release|Any CPU.Build.0 = Release|Any CPU
	EndGlobalSection
	GlobalSection(SolutionProperties) = preSolution
		HideSolutionNode = FALSE
	EndGlobalSection
	GlobalSection(ExtensibilityGlobals) = postSolution
		SolutionGuid = {E08ABB0A-7FFD-4B30-8BB6-3E67096708A1}
	EndGlobalSection
EndGlobal
